
Microsoft Visual Studio Solution File, Format Version 12.00
# Visual Studio Version 17
VisualStudioVersion = 17.6.33723.286
MinimumVisualStudioVersion = 10.0.40219.1
Project("{FAE04EC0-301F-11D3-BF4B-00C04F79EFBC}") = "01.Car", "01.Car\01.Car.csproj", "{12378B65-7B68-4710-8B27-B0322348B220}"
EndProject
Project("{FAE04EC0-301F-11D3-BF4B-00C04F79EFBC}") = "CarManufacturer", "CarManufacturer\CarManufacturer.csproj", "{553DD6B5-0D5B-4A0A-9F08-2AC722EC4DC0}"
EndProject
Global
	GlobalSection(SolutionConfigurationPlatforms) = preSolution
		Debug|Any CPU = Debug|Any CPU
		Release|Any CPU = Release|Any CPU
	EndGlobalSection
	GlobalSection(ProjectConfigurationPlatforms) = postSolution
		{12378B65-7B68-4710-8B27-B0322348B220}.Debug|Any CPU.ActiveCfg = Debug|Any CPU
		{12378B65-7B68-4710-8B27-B0322348B220}.Debug|Any CPU.Build.0 = Debug|Any CPU
		{12378B65-7B68-4710-8B27-B0322348B220}.Release|Any CPU.ActiveCfg = Release|Any CPU
		{12378B65-7B68-4710-8B27-B0322348B220}.Release|Any CPU.Build.0 = Release|Any CPU
		{553DD6B5-0D5B-4A0A-9F08-2AC722EC4DC0}.Debug|Any CPU.ActiveCfg = Debug|Any CPU
		{553DD6B5-0D5B-4A0A-9F08-2AC722EC4DC0}.Debug|Any CPU.Build.0 = Debug|Any CPU
		{553DD6B5-0D5B-4A0A-9F08-2AC722EC4DC0}.Release|Any CPU.ActiveCfg = Release|Any CPU
		{553DD6B5-0D5B-4A0A-9F08-2AC722EC4DC0}.Release|Any CPU.Build.0 = Release|Any CPU
	EndGlobalSection
	GlobalSection(SolutionProperties) = preSolution
		HideSolutionNode = FALSE
	EndGlobalSection
	GlobalSection(ExtensibilityGlobals) = postSolution
		SolutionGuid = {5597855F-D5EE-481E-9A64-DC60CC535FA9}
	EndGlobalSection
EndGlobal
